
Microsoft Visual Studio Solution File, Format Version 12.00
# Visual Studio Version 16
VisualStudioVersion = 16.0.29728.190
MinimumVisualStudioVersion = 10.0.40219.1
Project("{FAE04EC0-301F-11D3-BF4B-00C04F79EFBC}") = "Task_2", "Task_2\Task_2.csproj", "{4A0BF87F-8C6D-45BB-8F64-762B8B345580}"
EndProject
Project("{FAE04EC0-301F-11D3-BF4B-00C04F79EFBC}") = "Task_2.Engine", "Task_2.Engine\Task_2.Engine.csproj", "{A088AAFA-77C2-4181-A9D9-0175FFBB5D79}"
EndProject
Global
	GlobalSection(SolutionConfigurationPlatforms) = preSolution
		Debug|Any CPU = Debug|Any CPU
		Release|Any CPU = Release|Any CPU
	EndGlobalSection
	GlobalSection(ProjectConfigurationPlatforms) = postSolution
		{4A0BF87F-8C6D-45BB-8F64-762B8B345580}.Debug|Any CPU.ActiveCfg = Debug|Any CPU
		{4A0BF87F-8C6D-45BB-8F64-762B8B345580}.Debug|Any CPU.Build.0 = Debug|Any CPU
		{4A0BF87F-8C6D-45BB-8F64-762B8B345580}.Release|Any CPU.ActiveCfg = Release|Any CPU
		{4A0BF87F-8C6D-45BB-8F64-762B8B345580}.Release|Any CPU.Build.0 = Release|Any CPU
		{A088AAFA-77C2-4181-A9D9-0175FFBB5D79}.Debug|Any CPU.ActiveCfg = Debug|Any CPU
		{A088AAFA-77C2-4181-A9D9-0175FFBB5D79}.Debug|Any CPU.Build.0 = Debug|Any CPU
		{A088AAFA-77C2-4181-A9D9-0175FFBB5D79}.Release|Any CPU.ActiveCfg = Release|Any CPU
		{A088AAFA-77C2-4181-A9D9-0175FFBB5D79}.Release|Any CPU.Build.0 = Release|Any CPU
	EndGlobalSection
	GlobalSection(SolutionProperties) = preSolution
		HideSolutionNode = FALSE
	EndGlobalSection
	GlobalSection(ExtensibilityGlobals) = postSolution
		SolutionGuid = {14811592-C9E4-474D-A7D7-548FE00D60B8}
	EndGlobalSection
EndGlobal
